
Microsoft Visual Studio Solution File, Format Version 12.00
# Visual Studio Version 16
VisualStudioVersion = 16.0.30204.135
MinimumVisualStudioVersion = 10.0.40219.1
Project("{FAE04EC0-301F-11D3-BF4B-00C04F79EFBC}") = "ProCodeGuide.Sample.OptionsPattern", "ProCodeGuide.Sample.OptionsPattern\ProCodeGuide.Sample.OptionsPattern.csproj", "{5A14A809-B3EA-4380-8C50-367D705E1090}"
EndProject
Global
	GlobalSection(SolutionConfigurationPlatforms) = preSolution
		Debug|Any CPU = Debug|Any CPU
		Release|Any CPU = Release|Any CPU
	EndGlobalSection
	GlobalSection(ProjectConfigurationPlatforms) = postSolution
		{5A14A809-B3EA-4380-8C50-367D705E1090}.Debug|Any CPU.ActiveCfg = Debug|Any CPU
		{5A14A809-B3EA-4380-8C50-367D705E1090}.Debug|Any CPU.Build.0 = Debug|Any CPU
		{5A14A809-B3EA-4380-8C50-367D705E1090}.Release|Any CPU.ActiveCfg = Release|Any CPU
		{5A14A809-B3EA-4380-8C50-367D705E1090}.Release|Any CPU.Build.0 = Release|Any CPU
	EndGlobalSection
	GlobalSection(SolutionProperties) = preSolution
		HideSolutionNode = FALSE
	EndGlobalSection
	GlobalSection(ExtensibilityGlobals) = postSolution
		SolutionGuid = {6322E292-84B9-403B-8B72-35B71EE7644B}
	EndGlobalSection
EndGlobal
